
Microsoft Visual Studio Solution File, Format Version 12.00
# Visual Studio 2012
Project("{FAE04EC0-301F-11D3-BF4B-00C04F79EFBC}") = "Demo.AutoMapper", "Demo.AutoMapper\Demo.AutoMapper.csproj", "{0CBAF75D-E080-4868-B1A2-4872AADD54BD}"
EndProject
Global
	GlobalSection(SolutionConfigurationPlatforms) = preSolution
		Debug|Any CPU = Debug|Any CPU
		Release|Any CPU = Release|Any CPU
	EndGlobalSection
	GlobalSection(ProjectConfigurationPlatforms) = postSolution
		{0CBAF75D-E080-4868-B1A2-4872AADD54BD}.Debug|Any CPU.ActiveCfg = Debug|Any CPU
		{0CBAF75D-E080-4868-B1A2-4872AADD54BD}.Debug|Any CPU.Build.0 = Debug|Any CPU
		{0CBAF75D-E080-4868-B1A2-4872AADD54BD}.Release|Any CPU.ActiveCfg = Release|Any CPU
		{0CBAF75D-E080-4868-B1A2-4872AADD54BD}.Release|Any CPU.Build.0 = Release|Any CPU
	EndGlobalSection
	GlobalSection(SolutionProperties) = preSolution
		HideSolutionNode = FALSE
	EndGlobalSection
EndGlobal
